
Microsoft Visual Studio Solution File, Format Version 12.00
Project("{FAE04EC0-301F-11D3-BF4B-00C04F79EFBC}") = "NZWalks.Api", "NZWalks.Api\NZWalks.Api.csproj", "{B0F5BA93-F0EC-4C56-B782-E841DC102CEA}"
EndProject
Global
	GlobalSection(SolutionConfigurationPlatforms) = preSolution
		Debug|Any CPU = Debug|Any CPU
		Release|Any CPU = Release|Any CPU
	EndGlobalSection
	GlobalSection(ProjectConfigurationPlatforms) = postSolution
		{B0F5BA93-F0EC-4C56-B782-E841DC102CEA}.Debug|Any CPU.ActiveCfg = Debug|Any CPU
		{B0F5BA93-F0EC-4C56-B782-E841DC102CEA}.Debug|Any CPU.Build.0 = Debug|Any CPU
		{B0F5BA93-F0EC-4C56-B782-E841DC102CEA}.Release|Any CPU.ActiveCfg = Release|Any CPU
		{B0F5BA93-F0EC-4C56-B782-E841DC102CEA}.Release|Any CPU.Build.0 = Release|Any CPU
	EndGlobalSection
EndGlobal
